
Microsoft Visual Studio Solution File, Format Version 12.00
# Visual Studio Version 16
VisualStudioVersion = 16.0.31402.337
MinimumVisualStudioVersion = 10.0.40219.1
Project("{8BC9CEB8-8B4A-11D0-8D11-00A0C91BC942}") = "AmfMediaChromaKeyCommon", "AmfMediaChromaKeyCommon\AmfMediaChromaKeyCommon.vcxproj", "{188C93E9-24D9-48D8-AC6D-FE19A76B5E71}"
	ProjectSection(ProjectDependencies) = postProject
		{BE74F945-D4A5-4840-8C55-919030E8DC47} = {BE74F945-D4A5-4840-8C55-919030E8DC47}
		{16D5EA62-0CAB-4DFD-AD0F-7813FA89B6FD} = {16D5EA62-0CAB-4DFD-AD0F-7813FA89B6FD}
	EndProjectSection
EndProject
Project("{8BC9CEB8-8B4A-11D0-8D11-00A0C91BC942}") = "ComponentsFFMPEG", "ComponentsFFMPEG\ComponentsFFMPEG.vcxproj", "{16D5EA62-0CAB-4DFD-AD0F-7813FA89B6FD}"
EndProject
Project("{8BC9CEB8-8B4A-11D0-8D11-00A0C91BC942}") = "AmfMediaCommon", "AmfMediaCommon\AmfMediaCommon.vcxproj", "{BE74F945-D4A5-4840-8C55-919030E8DC47}"
EndProject
Global
	GlobalSection(SolutionConfigurationPlatforms) = preSolution
		Debug|x64 = Debug|x64
		Debug|x86 = Debug|x86
		Release|x64 = Release|x64
		Release|x86 = Release|x86
	EndGlobalSection
	GlobalSection(ProjectConfigurationPlatforms) = postSolution
		{188C93E9-24D9-48D8-AC6D-FE19A76B5E71}.Debug|x64.ActiveCfg = Debug|x64
		{188C93E9-24D9-48D8-AC6D-FE19A76B5E71}.Debug|x64.Build.0 = Debug|x64
		{188C93E9-24D9-48D8-AC6D-FE19A76B5E71}.Debug|x86.ActiveCfg = Debug|Win32
		{188C93E9-24D9-48D8-AC6D-FE19A76B5E71}.Debug|x86.Build.0 = Debug|Win32
		{188C93E9-24D9-48D8-AC6D-FE19A76B5E71}.Release|x64.ActiveCfg = Release|x64
		{188C93E9-24D9-48D8-AC6D-FE19A76B5E71}.Release|x64.Build.0 = Release|x64
		{188C93E9-24D9-48D8-AC6D-FE19A76B5E71}.Release|x86.ActiveCfg = Release|Win32
		{188C93E9-24D9-48D8-AC6D-FE19A76B5E71}.Release|x86.Build.0 = Release|Win32
		{16D5EA62-0CAB-4DFD-AD0F-7813FA89B6FD}.Debug|x64.ActiveCfg = Debug|x64
		{16D5EA62-0CAB-4DFD-AD0F-7813FA89B6FD}.Debug|x64.Build.0 = Debug|x64
		{16D5EA62-0CAB-4DFD-AD0F-7813FA89B6FD}.Debug|x86.ActiveCfg = Debug|Win32
		{16D5EA62-0CAB-4DFD-AD0F-7813FA89B6FD}.Debug|x86.Build.0 = Debug|Win32
		{16D5EA62-0CAB-4DFD-AD0F-7813FA89B6FD}.Release|x64.ActiveCfg = Release|x64
		{16D5EA62-0CAB-4DFD-AD0F-7813FA89B6FD}.Release|x64.Build.0 = Release|x64
		{16D5EA62-0CAB-4DFD-AD0F-7813FA89B6FD}.Release|x86.ActiveCfg = Release|Win32
		{16D5EA62-0CAB-4DFD-AD0F-7813FA89B6FD}.Release|x86.Build.0 = Release|Win32
		{BE74F945-D4A5-4840-8C55-919030E8DC47}.Debug|x64.ActiveCfg = Debug|x64
		{BE74F945-D4A5-4840-8C55-919030E8DC47}.Debug|x64.Build.0 = Debug|x64
		{BE74F945-D4A5-4840-8C55-919030E8DC47}.Debug|x86.ActiveCfg = Debug|Win32
		{BE74F945-D4A5-4840-8C55-919030E8DC47}.Debug|x86.Build.0 = Debug|Win32
		{BE74F945-D4A5-4840-8C55-919030E8DC47}.Release|x64.ActiveCfg = Release|x64
		{BE74F945-D4A5-4840-8C55-919030E8DC47}.Release|x64.Build.0 = Release|x64
		{BE74F945-D4A5-4840-8C55-919030E8DC47}.Release|x86.ActiveCfg = Release|Win32
		{BE74F945-D4A5-4840-8C55-919030E8DC47}.Release|x86.Build.0 = Release|Win32
	EndGlobalSection
	GlobalSection(SolutionProperties) = preSolution
		HideSolutionNode = FALSE
	EndGlobalSection
	GlobalSection(ExtensibilityGlobals) = postSolution
		SolutionGuid = {5B7C5202-BE1E-465C-BA12-08A84A3CD0A4}
	EndGlobalSection
EndGlobal
