<?xml version="1.0" encoding="utf-8"?>
<Project ToolsVersion="4.0" xmlns="http://schemas.microsoft.com/developer/msbuild/2003">
  <ItemGroup>
    <Filter Include="Source Files">
      <UniqueIdentifier>{4FC737F1-C7A5-4376-A066-2A32D752A2FF}</UniqueIdentifier>
      <Extensions>cpp;c;cc;cxx;def;odl;idl;hpj;bat;asm;asmx</Extensions>
    </Filter>
    <Filter Include="Header Files">
      <UniqueIdentifier>{93995380-89BD-4b04-88EB-625FBE52EBFB}</UniqueIdentifier>
      <Extensions>h;hpp;hxx;hm;inl;inc;xsd</Extensions>
    </Filter>
    <Filter Include="Resource Files">
      <UniqueIdentifier>{67DA6AB6-F800-4c08-8B7A-83BB121AAD01}</UniqueIdentifier>
      <Extensions>rc;ico;cur;bmp;dlg;rc2;rct;bin;rgs;gif;jpg;jpeg;jpe;resx;tiff;tif;png;wav;mfcribbon-ms</Extensions>
    </Filter>
    <Filter Include="common">
      <UniqueIdentifier>{09c540f8-64fa-4098-852b-53a6b3f92fbc}</UniqueIdentifier>
    </Filter>
    <Filter Include="public">
      <UniqueIdentifier>{51513c59-468f-4cb0-9028-d560d22d758a}</UniqueIdentifier>
    </Filter>
    <Filter Include="public\common">
      <UniqueIdentifier>{015ee6cf-ccbc-4e02-bf8b-508e568cb3b9}</UniqueIdentifier>
    </Filter>
  </ItemGroup>
  <ItemGroup>
    <None Include="ReadMe.txt" />
  </ItemGroup>
  <ItemGroup>
    <ClInclude Include="stdafx.h">
      <Filter>Header Files</Filter>
    </ClInclude>
    <ClInclude Include="targetver.h">
      <Filter>Header Files</Filter>
    </ClInclude>
    <ClInclude Include="..\common\BitStreamParser.h">
      <Filter>common</Filter>
    </ClInclude>
    <ClInclude Include="..\common\BitStreamParserH264.h">
      <Filter>common</Filter>
    </ClInclude>
    <ClInclude Include="..\common\ByteArray.h">
      <Filter>common</Filter>
    </ClInclude>
    <ClInclude Include="..\common\CmdLineParser.h">
      <Filter>common</Filter>
    </ClInclude>
    <ClInclude Include="..\common\CmdLogger.h">
      <Filter>common</Filter>
    </ClInclude>
    <ClInclude Include="..\common\DeviceDX11.h">
      <Filter>common</Filter>
    </ClInclude>
    <ClInclude Include="..\common\DeviceDX9.h">
      <Filter>common</Filter>
    </ClInclude>
    <ClInclude Include="..\common\EncoderParams.h">
      <Filter>common</Filter>
    </ClInclude>
    <ClInclude Include="..\common\ParametersStorage.h">
      <Filter>common</Filter>
    </ClInclude>
    <ClInclude Include="..\common\Pipeline.h">
      <Filter>common</Filter>
    </ClInclude>
    <ClInclude Include="..\common\PipelineElement.h">
      <Filter>common</Filter>
    </ClInclude>
    <ClInclude Include="..\common\BitStreamParserH265.h">
      <Filter>common</Filter>
    </ClInclude>
    <ClInclude Include="..\..\..\common\AMFFactory.h">
      <Filter>public\common</Filter>
    </ClInclude>
    <ClInclude Include="..\..\..\common\Thread.h">
      <Filter>public\common</Filter>
    </ClInclude>
  </ItemGroup>
  <ItemGroup>
    <ClCompile Include="stdafx.cpp">
      <Filter>Source Files</Filter>
    </ClCompile>
    <ClCompile Include="CapabilityManager.cpp">
      <Filter>Source Files</Filter>
    </ClCompile>
    <ClCompile Include="..\common\BitStreamParser.cpp">
      <Filter>common</Filter>
    </ClCompile>
    <ClCompile Include="..\common\BitStreamParserH264.cpp">
      <Filter>common</Filter>
    </ClCompile>
    <ClCompile Include="..\common\CmdLineParser.cpp">
      <Filter>common</Filter>
    </ClCompile>
    <ClCompile Include="..\common\CmdLogger.cpp">
      <Filter>common</Filter>
    </ClCompile>
    <ClCompile Include="..\common\DeviceDX11.cpp">
      <Filter>common</Filter>
    </ClCompile>
    <ClCompile Include="..\common\DeviceDX9.cpp">
      <Filter>common</Filter>
    </ClCompile>
    <ClCompile Include="..\common\ParametersStorage.cpp">
      <Filter>common</Filter>
    </ClCompile>
    <ClCompile Include="..\common\Pipeline.cpp">
      <Filter>common</Filter>
    </ClCompile>
    <ClCompile Include="..\common\BitStreamParserH265.cpp">
      <Filter>common</Filter>
    </ClCompile>
    <ClCompile Include="..\..\..\common\AMFFactory.cpp">
      <Filter>public\common</Filter>
    </ClCompile>
    <ClCompile Include="..\..\..\common\Thread.cpp">
      <Filter>public\common</Filter>
    </ClCompile>
    <ClCompile Include="..\..\..\common\Windows\ThreadWindows.cpp">
      <Filter>public\common</Filter>
    </ClCompile>
  </ItemGroup>
</Project>