<?xml version="1.0" encoding="utf-8"?>
<Project ToolsVersion="4.0" xmlns="http://schemas.microsoft.com/developer/msbuild/2003">
  <ItemGroup>
    <ClCompile Include="SimpleEncoder.cpp" />
    <ClCompile Include="..\..\..\common\AMFFactory.cpp">
      <Filter>public\common</Filter>
    </ClCompile>
    <ClCompile Include="..\..\..\common\Thread.cpp">
      <Filter>public\common</Filter>
    </ClCompile>
    <ClCompile Include="..\..\..\common\Windows\ThreadWindows.cpp">
      <Filter>public\common</Filter>
    </ClCompile>
    <ClCompile Include="..\..\..\common\AMFSTL.cpp">
      <Filter>public\common</Filter>
    </ClCompile>
    <ClCompile Include="..\..\..\common\DataStreamFactory.cpp">
      <Filter>public\common</Filter>
    </ClCompile>
    <ClCompile Include="..\..\..\common\DataStreamFile.cpp">
      <Filter>public\common</Filter>
    </ClCompile>
    <ClCompile Include="..\..\..\common\DataStreamMemory.cpp">
      <Filter>public\common</Filter>
    </ClCompile>
    <ClCompile Include="..\..\..\common\TraceAdapter.cpp">
      <Filter>public\common</Filter>
    </ClCompile>
  </ItemGroup>
  <ItemGroup>
    <ClInclude Include="..\..\..\common\AMFFactory.h">
      <Filter>public\common</Filter>
    </ClInclude>
    <ClInclude Include="..\..\..\common\Thread.h">
      <Filter>public\common</Filter>
    </ClInclude>
    <ClInclude Include="..\..\..\common\AMFSTL.h">
      <Filter>public\common</Filter>
    </ClInclude>
    <ClInclude Include="..\..\..\common\DataStreamFile.h">
      <Filter>public\common</Filter>
    </ClInclude>
    <ClInclude Include="..\..\..\common\DataStreamMemory.h">
      <Filter>public\common</Filter>
    </ClInclude>
    <ClInclude Include="..\..\..\common\TraceAdapter.h">
      <Filter>public\common</Filter>
    </ClInclude>
  </ItemGroup>
  <ItemGroup>
    <Filter Include="public">
      <UniqueIdentifier>{e42f1019-ea89-4c34-a6c9-9bc0a46b7647}</UniqueIdentifier>
    </Filter>
    <Filter Include="public\common">
      <UniqueIdentifier>{3a9e6145-6998-4143-9eb0-b87a3545d9d7}</UniqueIdentifier>
    </Filter>
  </ItemGroup>
</Project>