<?xml version="1.0" encoding="utf-8"?>
<Project ToolsVersion="4.0" xmlns="http://schemas.microsoft.com/developer/msbuild/2003">
  <ItemGroup>
    <ClCompile Include="..\..\..\common\AMFFactory.cpp">
      <Filter>public\common</Filter>
    </ClCompile>
    <ClCompile Include="..\..\..\common\AMFSTL.cpp">
      <Filter>public\common</Filter>
    </ClCompile>
    <ClCompile Include="..\..\..\common\DataStreamFactory.cpp">
      <Filter>public\common</Filter>
    </ClCompile>
    <ClCompile Include="..\..\..\common\DataStreamFile.cpp">
      <Filter>public\common</Filter>
    </ClCompile>
    <ClCompile Include="..\..\..\common\DataStreamMemory.cpp">
      <Filter>public\common</Filter>
    </ClCompile>
    <ClCompile Include="..\..\..\common\IOCapsImpl.cpp">
      <Filter>public\common</Filter>
    </ClCompile>
    <ClCompile Include="..\..\..\common\PropertyStorageExImpl.cpp">
      <Filter>public\common</Filter>
    </ClCompile>
    <ClCompile Include="..\..\..\common\Thread.cpp">
      <Filter>public\common</Filter>
    </ClCompile>
    <ClCompile Include="..\..\..\common\TraceAdapter.cpp">
      <Filter>public\common</Filter>
    </ClCompile>
    <ClCompile Include="..\..\..\common\Windows\ThreadWindows.cpp">
      <Filter>public\common\Windows</Filter>
    </ClCompile>
    <ClCompile Include="..\..\..\samples\CPPSamples\common\AudioPresenter.cpp">
      <Filter>public\samples\CPPSamples\common</Filter>
    </ClCompile>
    <ClCompile Include="..\..\..\samples\CPPSamples\common\BitStreamParser.cpp">
      <Filter>public\samples\CPPSamples\common</Filter>
    </ClCompile>
    <ClCompile Include="..\..\..\samples\CPPSamples\common\BitStreamParserH264.cpp">
      <Filter>public\samples\CPPSamples\common</Filter>
    </ClCompile>
    <ClCompile Include="..\..\..\samples\CPPSamples\common\BitStreamParserH265.cpp">
      <Filter>public\samples\CPPSamples\common</Filter>
    </ClCompile>
    <ClCompile Include="..\..\..\samples\CPPSamples\common\CmdLogger.cpp">
      <Filter>public\samples\CPPSamples\common</Filter>
    </ClCompile>
    <ClCompile Include="..\..\..\samples\CPPSamples\common\EncoderParamsAVC.cpp">
      <Filter>public\samples\CPPSamples\common</Filter>
    </ClCompile>
    <ClCompile Include="..\..\..\samples\CPPSamples\common\EncoderParamsHEVC.cpp">
      <Filter>public\samples\CPPSamples\common</Filter>
    </ClCompile>
    <ClCompile Include="..\..\..\samples\CPPSamples\common\ParametersStorage.cpp">
      <Filter>public\samples\CPPSamples\common</Filter>
    </ClCompile>
    <ClCompile Include="..\..\..\samples\CPPSamples\common\Pipeline.cpp">
      <Filter>public\samples\CPPSamples\common</Filter>
    </ClCompile>
    <ClCompile Include="..\..\..\samples\CPPSamples\common\PlaybackPipelineBase.cpp">
      <Filter>public\samples\CPPSamples\common</Filter>
    </ClCompile>
    <ClCompile Include="..\..\..\samples\CPPSamples\common\VideoPresenter.cpp">
      <Filter>public\samples\CPPSamples\common</Filter>
    </ClCompile>
    <ClCompile Include="..\..\..\src\components\AmbisonicRenderer\Ambisonic2SRendererImpl.cpp">
      <Filter>public\src\components\AmbisonicRenderer</Filter>
    </ClCompile>
    <ClCompile Include="..\..\..\src\components\AmbisonicRenderer\convolution.cpp">
      <Filter>public\src\components\AmbisonicRenderer</Filter>
    </ClCompile>
    <ClCompile Include="..\..\..\src\components\AmbisonicRenderer\HRTFtable.cpp">
      <Filter>public\src\components\AmbisonicRenderer</Filter>
    </ClCompile>
    <ClCompile Include="..\..\..\src\components\AmbisonicRenderer\wav.cpp">
      <Filter>public\src\components\AmbisonicRenderer</Filter>
    </ClCompile>
  </ItemGroup>
  <ItemGroup>
    <ClInclude Include="..\..\..\common\AMFFactory.h">
      <Filter>public\common</Filter>
    </ClInclude>
    <ClInclude Include="..\..\..\common\AMFSTL.h">
      <Filter>public\common</Filter>
    </ClInclude>
    <ClInclude Include="..\..\..\common\ByteArray.h">
      <Filter>public\common</Filter>
    </ClInclude>
    <ClInclude Include="..\..\..\common\DataStream.h">
      <Filter>public\common</Filter>
    </ClInclude>
    <ClInclude Include="..\..\..\common\DataStreamFile.h">
      <Filter>public\common</Filter>
    </ClInclude>
    <ClInclude Include="..\..\..\common\DataStreamMemory.h">
      <Filter>public\common</Filter>
    </ClInclude>
    <ClInclude Include="..\..\..\common\InterfaceImpl.h">
      <Filter>public\common</Filter>
    </ClInclude>
    <ClInclude Include="..\..\..\common\IOCapsImpl.h">
      <Filter>public\common</Filter>
    </ClInclude>
    <ClInclude Include="..\..\..\common\ObservableImpl.h">
      <Filter>public\common</Filter>
    </ClInclude>
    <ClInclude Include="..\..\..\common\PropertyStorageExImpl.h">
      <Filter>public\common</Filter>
    </ClInclude>
    <ClInclude Include="..\..\..\common\PropertyStorageImpl.h">
      <Filter>public\common</Filter>
    </ClInclude>
    <ClInclude Include="..\..\..\common\Thread.h">
      <Filter>public\common</Filter>
    </ClInclude>
    <ClInclude Include="..\..\..\common\TraceAdapter.h">
      <Filter>public\common</Filter>
    </ClInclude>
    <ClInclude Include="..\..\..\samples\CPPSamples\common\VideoPresenter.h">
      <Filter>public\samples\CPPSamples\common</Filter>
    </ClInclude>
    <ClInclude Include="..\..\..\samples\CPPSamples\common\AudioPresenter.h">
      <Filter>public\samples\CPPSamples\common</Filter>
    </ClInclude>
    <ClInclude Include="..\..\..\samples\CPPSamples\common\BitStreamParser.h">
      <Filter>public\samples\CPPSamples\common</Filter>
    </ClInclude>
    <ClInclude Include="..\..\..\samples\CPPSamples\common\BitStreamParserH264.h">
      <Filter>public\samples\CPPSamples\common</Filter>
    </ClInclude>
    <ClInclude Include="..\..\..\samples\CPPSamples\common\BitStreamParserH265.h">
      <Filter>public\samples\CPPSamples\common</Filter>
    </ClInclude>
    <ClInclude Include="..\..\..\samples\CPPSamples\common\CmdLogger.h">
      <Filter>public\samples\CPPSamples\common</Filter>
    </ClInclude>
    <ClInclude Include="..\..\..\samples\CPPSamples\common\EncoderParamsAVC.h">
      <Filter>public\samples\CPPSamples\common</Filter>
    </ClInclude>
    <ClInclude Include="..\..\..\samples\CPPSamples\common\EncoderParamsHEVC.h">
      <Filter>public\samples\CPPSamples\common</Filter>
    </ClInclude>
    <ClInclude Include="..\..\..\samples\CPPSamples\common\ParametersStorage.h">
      <Filter>public\samples\CPPSamples\common</Filter>
    </ClInclude>
    <ClInclude Include="..\..\..\samples\CPPSamples\common\Pipeline.h">
      <Filter>public\samples\CPPSamples\common</Filter>
    </ClInclude>
    <ClInclude Include="..\..\..\samples\CPPSamples\common\PipelineElement.h">
      <Filter>public\samples\CPPSamples\common</Filter>
    </ClInclude>
    <ClInclude Include="..\..\..\samples\CPPSamples\common\PlaybackPipelineBase.h">
      <Filter>public\samples\CPPSamples\common</Filter>
    </ClInclude>
    <ClInclude Include="..\..\..\src\components\AmbisonicRenderer\Ambisonic2SRendererImpl.h">
      <Filter>public\src\components\AmbisonicRenderer</Filter>
    </ClInclude>
    <ClInclude Include="..\..\..\src\components\AmbisonicRenderer\convolution.h">
      <Filter>public\src\components\AmbisonicRenderer</Filter>
    </ClInclude>
    <ClInclude Include="..\..\..\src\components\AmbisonicRenderer\HRTFtable.h">
      <Filter>public\src\components\AmbisonicRenderer</Filter>
    </ClInclude>
    <ClInclude Include="..\..\..\src\components\AmbisonicRenderer\wav.h">
      <Filter>public\src\components\AmbisonicRenderer</Filter>
    </ClInclude>
  </ItemGroup>
  <ItemGroup>
    <Filter Include="public">
      <UniqueIdentifier>{a05b6573-2b77-4c4e-8b6d-a40d894d0c02}</UniqueIdentifier>
    </Filter>
    <Filter Include="public\samples">
      <UniqueIdentifier>{29a99b95-bd69-4c60-81d1-27ad8233e4db}</UniqueIdentifier>
    </Filter>
    <Filter Include="public\src">
      <UniqueIdentifier>{130d61b0-9da4-41fd-8f55-e2e7d0e15798}</UniqueIdentifier>
    </Filter>
    <Filter Include="public\src\components">
      <UniqueIdentifier>{dde5a6d6-1b00-4a68-8536-4ebaa2dbe373}</UniqueIdentifier>
    </Filter>
    <Filter Include="public\src\components\AmbisonicRenderer">
      <UniqueIdentifier>{82170be3-be3f-485c-bf33-764fc29a0df9}</UniqueIdentifier>
    </Filter>
    <Filter Include="public\samples\CPPSamples">
      <UniqueIdentifier>{037726ec-770f-4bd8-a213-a57efdfe58f5}</UniqueIdentifier>
    </Filter>
    <Filter Include="public\samples\CPPSamples\common">
      <UniqueIdentifier>{46058a69-0802-4883-96aa-5f67fe7f3d7e}</UniqueIdentifier>
    </Filter>
    <Filter Include="public\common">
      <UniqueIdentifier>{c56f3e7d-dbf5-434c-bb2d-bba2a0e91cee}</UniqueIdentifier>
    </Filter>
    <Filter Include="public\common\Windows">
      <UniqueIdentifier>{f9245bde-522f-45c6-a062-81185ffb9704}</UniqueIdentifier>
    </Filter>
  </ItemGroup>
</Project>