<?xml version="1.0" encoding="utf-8"?>
<Project ToolsVersion="4.0" xmlns="http://schemas.microsoft.com/developer/msbuild/2003">
  <ItemGroup>
    <Filter Include="public">
      <UniqueIdentifier>{24c6918d-e1c9-4c62-a94c-606039799ddf}</UniqueIdentifier>
    </Filter>
    <Filter Include="public\common">
      <UniqueIdentifier>{34439996-3195-4127-8e36-9f2e4e92d311}</UniqueIdentifier>
    </Filter>
    <Filter Include="common">
      <UniqueIdentifier>{b9878eac-81c0-49b9-be53-40292523721f}</UniqueIdentifier>
    </Filter>
    <Filter Include="protected">
      <UniqueIdentifier>{8d8bf3ae-3377-420b-98b9-8edf6264ead0}</UniqueIdentifier>
    </Filter>
    <Filter Include="protected\src">
      <UniqueIdentifier>{efe64f0e-d4fe-4b10-a6da-6eee428ce02f}</UniqueIdentifier>
    </Filter>
    <Filter Include="protected\src\components">
      <UniqueIdentifier>{fabe89d6-20fa-409a-9587-0170352c650d}</UniqueIdentifier>
    </Filter>
    <Filter Include="protected\src\components\Capture">
      <UniqueIdentifier>{de822612-203d-431d-b963-e264451a315a}</UniqueIdentifier>
    </Filter>
    <Filter Include="protected\src\components\Capture\DeckLinkMedia">
      <UniqueIdentifier>{36ae028f-35e5-496f-a9f2-68ea52aae797}</UniqueIdentifier>
    </Filter>
    <Filter Include="protected\src\components\Capture\MediaFoundation">
      <UniqueIdentifier>{ae062722-8c65-4203-b463-6a6c786ea0fa}</UniqueIdentifier>
    </Filter>
    <Filter Include="protected\include">
      <UniqueIdentifier>{3a7b1d8c-b084-48cf-b2a5-d291a29d5d09}</UniqueIdentifier>
    </Filter>
    <Filter Include="protected\include\components">
      <UniqueIdentifier>{787fbbeb-ddfc-480a-ac21-2cc9abe27c08}</UniqueIdentifier>
    </Filter>
    <Filter Include="protected\src\components\Chromakey">
      <UniqueIdentifier>{91fa48e8-ae30-4cf0-9207-367275228c24}</UniqueIdentifier>
    </Filter>
    <Filter Include="protected\src\components\Chromakey\programs">
      <UniqueIdentifier>{9a891910-86f7-4476-9cdc-7f53d47cb8d1}</UniqueIdentifier>
    </Filter>
    <Filter Include="protected\src\components\Chromakey\programsDX11">
      <UniqueIdentifier>{90884591-b9ef-42bc-9c75-5f2d95a8aba3}</UniqueIdentifier>
    </Filter>
  </ItemGroup>
  <ItemGroup>
    <ClCompile Include="stdafx.cpp" />
    <ClCompile Include="..\..\..\..\public\common\AMFFactory.cpp">
      <Filter>public\common</Filter>
    </ClCompile>
    <ClCompile Include="..\..\..\..\public\common\AMFSTL.cpp">
      <Filter>public\common</Filter>
    </ClCompile>
    <ClCompile Include="..\..\..\..\public\common\DataStreamFactory.cpp">
      <Filter>public\common</Filter>
    </ClCompile>
    <ClCompile Include="..\..\..\..\public\common\DataStreamFile.cpp">
      <Filter>public\common</Filter>
    </ClCompile>
    <ClCompile Include="..\..\..\..\public\common\DataStreamMemory.cpp">
      <Filter>public\common</Filter>
    </ClCompile>
    <ClCompile Include="..\..\..\..\public\common\IOCapsImpl.cpp">
      <Filter>public\common</Filter>
    </ClCompile>
    <ClCompile Include="..\..\..\..\public\common\PropertyStorageExImpl.cpp">
      <Filter>public\common</Filter>
    </ClCompile>
    <ClCompile Include="..\..\..\..\public\common\Thread.cpp">
      <Filter>public\common</Filter>
    </ClCompile>
    <ClCompile Include="..\..\..\..\public\common\Windows\ThreadWindows.cpp">
      <Filter>public\common</Filter>
    </ClCompile>
    <ClCompile Include="..\..\..\..\public\common\TraceAdapter.cpp">
      <Filter>public\common</Filter>
    </ClCompile>
    <ClCompile Include="..\..\..\..\public\samples\CPPSamples\common\BitStreamParser.cpp">
      <Filter>common</Filter>
    </ClCompile>
    <ClCompile Include="..\..\..\..\public\samples\CPPSamples\common\BitStreamParserH264.cpp">
      <Filter>common</Filter>
    </ClCompile>
    <ClCompile Include="..\..\..\..\public\samples\CPPSamples\common\BitStreamParserH265.cpp">
      <Filter>common</Filter>
    </ClCompile>
    <ClCompile Include="..\..\..\..\public\samples\CPPSamples\common\CmdLineParser.cpp">
      <Filter>common</Filter>
    </ClCompile>
    <ClCompile Include="..\..\..\..\public\samples\CPPSamples\common\CmdLogger.cpp">
      <Filter>common</Filter>
    </ClCompile>
    <ClCompile Include="..\..\..\..\public\samples\CPPSamples\common\ParametersStorage.cpp">
      <Filter>common</Filter>
    </ClCompile>
    <ClCompile Include="..\..\..\..\public\samples\CPPSamples\common\Pipeline.cpp">
      <Filter>common</Filter>
    </ClCompile>
    <ClCompile Include="..\..\..\..\public\samples\CPPSamples\common\VideoPresenter.cpp">
      <Filter>common</Filter>
    </ClCompile>
    <ClCompile Include="..\..\..\..\public\samples\CPPSamples\common\VideoPresenterDX9.cpp">
      <Filter>common</Filter>
    </ClCompile>
    <ClCompile Include="..\..\..\..\public\samples\CPPSamples\common\VideoPresenterDX11.cpp">
      <Filter>common</Filter>
    </ClCompile>
    <ClCompile Include="..\..\..\..\public\samples\CPPSamples\common\VideoPresenterOpenGL.cpp">
      <Filter>common</Filter>
    </ClCompile>
    <ClCompile Include="..\..\..\src\components\ChromaKey\ChromaKeyCapsImpl.cpp">
      <Filter>protected\src\components\Chromakey</Filter>
    </ClCompile>
    <ClCompile Include="..\..\..\src\components\ChromaKey\ChromaKeyImpl.cpp">
      <Filter>protected\src\components\Chromakey</Filter>
    </ClCompile>
    <ClCompile Include="..\..\..\..\public\samples\CPPSamples\common\Options.cpp">
      <Filter>common</Filter>
    </ClCompile>
    <ClCompile Include="..\common\CaptureVideoPipelineBase.cpp">
      <Filter>common</Filter>
    </ClCompile>
    <ClCompile Include="CaptureVideo.cpp" />
    <ClCompile Include="CaptureVideoPipeline.cpp" />
    <ClCompile Include="..\..\..\src\components\Capture\DeckLinkMedia\DeckLinkMediaImpl.cpp">
      <Filter>protected\src\components\Capture\DeckLinkMedia</Filter>
    </ClCompile>
    <ClCompile Include="..\..\..\src\components\Capture\MediaFoundation\MFCaptureImpl.cpp">
      <Filter>protected\src\components\Capture\MediaFoundation</Filter>
    </ClCompile>
    <ClCompile Include="..\..\..\src\components\Capture\CaptureManagerImpl.cpp">
      <Filter>protected\src\components\Capture</Filter>
    </ClCompile>
    <ClCompile Include="..\..\..\src\components\Capture\VideoTransfer.cpp">
      <Filter>protected\src\components\Capture</Filter>
    </ClCompile>
    <ClCompile Include="..\..\..\src\components\Capture\DeckLinkMedia\DeckLinkAPI_i.c">
      <Filter>protected\src\components\Capture\DeckLinkMedia</Filter>
    </ClCompile>
    <ClCompile Include="..\..\..\..\public\samples\CPPSamples\common\VideoPresenterVulkan.cpp">
      <Filter>common</Filter>
    </ClCompile>
    <ClCompile Include="..\..\..\..\public\samples\CPPSamples\common\SwapChainVulkan.cpp">
      <Filter>common</Filter>
    </ClCompile>
    <ClCompile Include="..\..\..\..\public\common\VulkanImportTable.cpp">
      <Filter>public\common</Filter>
    </ClCompile>
    <ClCompile Include="..\common\SwapChainDX12.cpp">
      <Filter>common</Filter>
    </ClCompile>
    <ClCompile Include="..\common\VideoPresenterDX12.cpp">
      <Filter>common</Filter>
    </ClCompile>
    <ClCompile Include="..\common\BitStreamParserIVF.cpp">
      <Filter>common</Filter>
    </ClCompile>
    <ClCompile Include="..\common\SwapChainDXGI.cpp">
      <Filter>common</Filter>
    </ClCompile>
    <ClCompile Include="..\common\SwapChain.cpp">
      <Filter>common</Filter>
    </ClCompile>
    <ClCompile Include="..\..\..\common\Windows\UtilsWindows.cpp">
      <Filter>public\common</Filter>
    </ClCompile>
    <ClCompile Include="..\common\SwapChainDXGIDecode.cpp">
      <Filter>common</Filter>
    </ClCompile>
    <ClCompile Include="..\common\SwapChainDX11.cpp">
      <Filter>common</Filter>
    </ClCompile>
    <ClCompile Include="..\common\SwapChainDX9.cpp">
      <Filter>common</Filter>
    </ClCompile>
    <ClCompile Include="..\common\SwapChainOpenGL.cpp">
      <Filter>common</Filter>
    </ClCompile>
    <ClCompile Include="..\..\..\common\OpenGLImportTable.cpp">
      <Filter>public\common</Filter>
    </ClCompile>
  </ItemGroup>
  <ItemGroup>
    <ClInclude Include="..\..\..\src\components\ChromaKey\ChromaKeyImpl.h">
      <Filter>protected\src\components\Chromakey</Filter>
    </ClInclude>
    <ClInclude Include="..\..\..\src\components\ChromaKey\ChromaKeyCapsImpl.h">
      <Filter>protected\src\components\Chromakey</Filter>
    </ClInclude>
    <ClInclude Include="resource.h" />
    <ClInclude Include="stdafx.h" />
    <ClInclude Include="..\..\..\..\public\samples\CPPSamples\common\Options.h">
      <Filter>common</Filter>
    </ClInclude>
    <ClInclude Include="..\..\..\..\public\common\AMFFactory.h">
      <Filter>public\common</Filter>
    </ClInclude>
    <ClInclude Include="..\..\..\..\public\common\AMFSTL.h">
      <Filter>public\common</Filter>
    </ClInclude>
    <ClInclude Include="..\..\..\..\public\common\DataStreamFile.h">
      <Filter>public\common</Filter>
    </ClInclude>
    <ClInclude Include="..\..\..\..\public\common\DataStreamMemory.h">
      <Filter>public\common</Filter>
    </ClInclude>
    <ClInclude Include="..\..\..\..\public\common\IOCapsImpl.h">
      <Filter>public\common</Filter>
    </ClInclude>
    <ClInclude Include="..\..\..\..\public\common\PropertyStorageExImpl.h">
      <Filter>public\common</Filter>
    </ClInclude>
    <ClInclude Include="..\..\..\..\public\common\PropertyStorageImpl.h">
      <Filter>public\common</Filter>
    </ClInclude>
    <ClInclude Include="..\..\..\..\public\common\Thread.h">
      <Filter>public\common</Filter>
    </ClInclude>
    <ClInclude Include="..\..\..\..\public\common\TraceAdapter.h">
      <Filter>public\common</Filter>
    </ClInclude>
    <ClInclude Include="..\..\..\..\public\samples\CPPSamples\common\BitStreamParser.h">
      <Filter>common</Filter>
    </ClInclude>
    <ClInclude Include="..\..\..\..\public\samples\CPPSamples\common\BitStreamParserH264.h">
      <Filter>common</Filter>
    </ClInclude>
    <ClInclude Include="..\..\..\..\public\samples\CPPSamples\common\BitStreamParserH265.h">
      <Filter>common</Filter>
    </ClInclude>
    <ClInclude Include="..\..\..\..\public\samples\CPPSamples\common\CmdLineParser.h">
      <Filter>common</Filter>
    </ClInclude>
    <ClInclude Include="..\..\..\..\public\samples\CPPSamples\common\CmdLogger.h">
      <Filter>common</Filter>
    </ClInclude>
    <ClInclude Include="..\..\..\..\public\samples\CPPSamples\common\ParametersStorage.h">
      <Filter>common</Filter>
    </ClInclude>
    <ClInclude Include="..\..\..\..\public\samples\CPPSamples\common\Pipeline.h">
      <Filter>common</Filter>
    </ClInclude>
    <ClInclude Include="..\..\..\..\public\samples\CPPSamples\common\PipelineElement.h">
      <Filter>common</Filter>
    </ClInclude>
    <ClInclude Include="..\..\..\..\public\samples\CPPSamples\common\VideoPresenter.h">
      <Filter>common</Filter>
    </ClInclude>
    <ClInclude Include="..\..\..\..\public\samples\CPPSamples\common\VideoPresenterDX9.h">
      <Filter>common</Filter>
    </ClInclude>
    <ClInclude Include="..\..\..\..\public\samples\CPPSamples\common\VideoPresenterDX11.h">
      <Filter>common</Filter>
    </ClInclude>
    <ClInclude Include="..\..\..\..\public\samples\CPPSamples\common\VideoPresenterOpenGL.h">
      <Filter>common</Filter>
    </ClInclude>
    <ClInclude Include="..\common\CaptureVideoPipelineBase.h">
      <Filter>common</Filter>
    </ClInclude>
    <ClInclude Include="CaptureVideo.h" />
    <ClInclude Include="CaptureVideoPipeline.h" />
    <ClInclude Include="..\..\..\src\components\Capture\DeckLinkMedia\DeckLinkMediaImpl.h">
      <Filter>protected\src\components\Capture\DeckLinkMedia</Filter>
    </ClInclude>
    <ClInclude Include="..\..\..\src\components\Capture\MediaFoundation\MFCaptureImpl.h">
      <Filter>protected\src\components\Capture\MediaFoundation</Filter>
    </ClInclude>
    <ClInclude Include="..\..\..\src\components\Capture\CaptureManagerImpl.h">
      <Filter>protected\src\components\Capture</Filter>
    </ClInclude>
    <ClInclude Include="..\..\..\src\components\Capture\VideoTransfer.h">
      <Filter>protected\src\components\Capture</Filter>
    </ClInclude>
    <ClInclude Include="..\..\..\src\components\Capture\DeckLinkMedia\DeckLinkAPI_h.h">
      <Filter>protected\src\components\Capture\DeckLinkMedia</Filter>
    </ClInclude>
    <ClInclude Include="..\..\..\include\components\Capture.h">
      <Filter>protected\include\components</Filter>
    </ClInclude>
    <ClInclude Include="..\..\..\include\components\ChromaKey.h">
      <Filter>protected\include\components</Filter>
    </ClInclude>
    <ClInclude Include="..\..\..\..\public\samples\CPPSamples\common\VideoPresenterVulkan.h">
      <Filter>common</Filter>
    </ClInclude>
    <ClInclude Include="..\..\..\..\public\samples\CPPSamples\common\SwapChainVulkan.h">
      <Filter>common</Filter>
    </ClInclude>
    <ClInclude Include="..\..\..\..\public\common\VulkanImportTable.h">
      <Filter>public\common</Filter>
    </ClInclude>
    <ClInclude Include="..\common\SwapChainDX12.h">
      <Filter>common</Filter>
    </ClInclude>
    <ClInclude Include="..\common\VideoPresenterDX12.h">
      <Filter>common</Filter>
    </ClInclude>
    <ClInclude Include="..\common\BitStreamParserIVF.h">
      <Filter>common</Filter>
    </ClInclude>
    <ClInclude Include="..\common\SwapChainDXGI.h">
      <Filter>common</Filter>
    </ClInclude>
    <ClInclude Include="..\common\SwapChain.h">
      <Filter>common</Filter>
    </ClInclude>
    <ClInclude Include="..\..\..\common\Windows\UtilsWindows.h">
      <Filter>public\common</Filter>
    </ClInclude>
    <ClInclude Include="..\common\SwapChainDXGIDecode.h">
      <Filter>common</Filter>
    </ClInclude>
    <ClInclude Include="..\common\SwapChainDX11.h">
      <Filter>common</Filter>
    </ClInclude>
    <ClInclude Include="..\common\SwapChainDX9.h">
      <Filter>common</Filter>
    </ClInclude>
    <ClInclude Include="..\common\QuadOpenGL.vert.h">
      <Filter>common</Filter>
    </ClInclude>
    <ClInclude Include="..\common\QuadOpenGL.frag.h">
      <Filter>common</Filter>
    </ClInclude>
    <ClInclude Include="..\common\SwapChainOpenGL.h">
      <Filter>common</Filter>
    </ClInclude>
    <ClInclude Include="..\..\..\common\OpenGLImportTable.h">
      <Filter>public\common</Filter>
    </ClInclude>
  </ItemGroup>
  <ItemGroup>
    <Image Include="CaptureVideo.ico" />
    <Image Include="small.ico" />
  </ItemGroup>
  <ItemGroup>
    <CustomBuild Include="..\..\..\src\components\ChromaKey\Programs\ChromaKeyProcess.cl">
      <Filter>protected\src\components\Chromakey\programs</Filter>
    </CustomBuild>
    <CustomBuild Include="$(SolutionDir)..\..\public\samples\CPPSamples\common\QuadVulkan_fs.frag" />
    <CustomBuild Include="$(SolutionDir)..\..\public\samples\CPPSamples\common\QuadVulkan_vs.vert" />
  </ItemGroup>
  <ItemGroup>
    <ResourceCompile Include="CaptureVideo.rc" />
  </ItemGroup>
  <ItemGroup>
    <Midl Include="..\..\..\..\..\Thirdparty\BlackmagicDeckLinkSDK\10.9.10\Win\include\DeckLinkAPI.idl">
      <Filter>protected\src\components\Capture\DeckLinkMedia</Filter>
    </Midl>
  </ItemGroup>
  <ItemGroup>
    <FxCompile Include="..\..\..\src\components\ChromaKey\programsDX11\ChromaKeyProcess.hlsl">
      <Filter>protected\src\components\Chromakey\programsDX11</Filter>
    </FxCompile>
    <FxCompile Include="..\..\..\src\components\ChromaKey\programsDX11\ChromaKeyHistUV.hlsl">
      <Filter>protected\src\components\Chromakey\programsDX11</Filter>
    </FxCompile>
    <FxCompile Include="..\..\..\src\components\ChromaKey\programsDX11\ChromaKeyHistSort.hlsl">
      <Filter>protected\src\components\Chromakey\programsDX11</Filter>
    </FxCompile>
    <FxCompile Include="..\..\..\src\components\ChromaKey\programsDX11\ChromaKeyErode.hlsl">
      <Filter>protected\src\components\Chromakey\programsDX11</Filter>
    </FxCompile>
    <FxCompile Include="..\..\..\src\components\ChromaKey\programsDX11\ChromaKeyBlur.hlsl">
      <Filter>protected\src\components\Chromakey\programsDX11</Filter>
    </FxCompile>
    <FxCompile Include="..\..\..\src\components\ChromaKey\programsDX11\ChromaKeyHistUV422.hlsl">
      <Filter>protected\src\components\Chromakey\programsDX11</Filter>
    </FxCompile>
    <FxCompile Include="..\..\..\src\components\ChromaKey\programsDX11\ChromaKeyProcess422.hlsl">
      <Filter>protected\src\components\Chromakey\programsDX11</Filter>
    </FxCompile>
    <FxCompile Include="..\..\..\src\components\ChromaKey\programsDX11\ChromaKeyRGBtoYUV.hlsl">
      <Filter>protected\src\components\Chromakey\programsDX11</Filter>
    </FxCompile>
    <FxCompile Include="..\..\..\src\components\ChromaKey\programsDX11\ChromaKeyHistUV444.hlsl">
      <Filter>protected\src\components\Chromakey\programsDX11</Filter>
    </FxCompile>
    <FxCompile Include="..\..\..\src\components\ChromaKey\programsDX11\ChromaKeyProcess444.hlsl">
      <Filter>protected\src\components\Chromakey\programsDX11</Filter>
    </FxCompile>
    <FxCompile Include="..\..\..\src\components\ChromaKey\programsDX11\ChromaKeyBlendBKYUV.hlsl">
      <Filter>protected\src\components\Chromakey\programsDX11</Filter>
    </FxCompile>
    <FxCompile Include="..\..\..\src\components\ChromaKey\programsDX11\ChromaKeyBlendBKYUV422.hlsl">
      <Filter>protected\src\components\Chromakey\programsDX11</Filter>
    </FxCompile>
    <FxCompile Include="..\..\..\src\components\ChromaKey\programsDX11\ChromaKeyBlendBKYUV444.hlsl">
      <Filter>protected\src\components\Chromakey\programsDX11</Filter>
    </FxCompile>
    <FxCompile Include="..\..\..\src\components\ChromaKey\programsDX11\ChromaKeyBlendYUV.hlsl">
      <Filter>protected\src\components\Chromakey\programsDX11</Filter>
    </FxCompile>
    <FxCompile Include="..\..\..\src\components\ChromaKey\programsDX11\ChromaKeyBlendYUV422.hlsl">
      <Filter>protected\src\components\Chromakey\programsDX11</Filter>
    </FxCompile>
    <FxCompile Include="..\..\..\src\components\ChromaKey\programsDX11\ChromaKeyBlendYUV444.hlsl">
      <Filter>protected\src\components\Chromakey\programsDX11</Filter>
    </FxCompile>
    <FxCompile Include="..\..\..\src\components\ChromaKey\programsDX11\ChromaKeyBlendRGB.hlsl">
      <Filter>protected\src\components\Chromakey\programsDX11</Filter>
    </FxCompile>
    <FxCompile Include="..\..\..\src\components\ChromaKey\programsDX11\ChromaKeyBlendBKRGB.hlsl">
      <Filter>protected\src\components\Chromakey\programsDX11</Filter>
    </FxCompile>
    <FxCompile Include="..\..\..\src\components\ChromaKey\programsDX11\ChromaKeyV210toY210.hlsl">
      <Filter>protected\src\components\Chromakey\programsDX11</Filter>
    </FxCompile>
    <FxCompile Include="$(SolutionDir)..\..\public\samples\CPPSamples\common\QuadDX11_ps.hlsl" />
    <FxCompile Include="$(SolutionDir)..\..\public\samples\CPPSamples\common\QuadDX11_vs.hlsl" />
    <FxCompile Include="$(SolutionDir)..\..\public\samples\CPPSamples\common\QuadDX12_ps.hlsl" />
    <FxCompile Include="$(SolutionDir)..\..\public\samples\CPPSamples\common\QuadDX12_vs.hlsl" />
    <FxCompile Include="$(SolutionDir)..\..\public\samples\CPPSamples\common\QuadDX9_ps.hlsl" />
    <FxCompile Include="$(SolutionDir)..\..\public\samples\CPPSamples\common\QuadDX9_vs.hlsl" />
  </ItemGroup>
</Project>